
Microsoft Visual Studio Solution File, Format Version 12.00
Project("{FAE04EC0-301F-11D3-BF4B-00C04F79EFBC}") = "fibo3", "fibo3\fibo3.csproj", "{EB68E90E-41D2-4DDB-9DE2-E66A14F4B405}"
EndProject
Global
	GlobalSection(SolutionConfigurationPlatforms) = preSolution
		Debug|Any CPU = Debug|Any CPU
		Release|Any CPU = Release|Any CPU
	EndGlobalSection
	GlobalSection(ProjectConfigurationPlatforms) = postSolution
		{EB68E90E-41D2-4DDB-9DE2-E66A14F4B405}.Debug|Any CPU.ActiveCfg = Debug|Any CPU
		{EB68E90E-41D2-4DDB-9DE2-E66A14F4B405}.Debug|Any CPU.Build.0 = Debug|Any CPU
		{EB68E90E-41D2-4DDB-9DE2-E66A14F4B405}.Release|Any CPU.ActiveCfg = Release|Any CPU
		{EB68E90E-41D2-4DDB-9DE2-E66A14F4B405}.Release|Any CPU.Build.0 = Release|Any CPU
	EndGlobalSection
EndGlobal
